
Microsoft Visual Studio Solution File, Format Version 12.00
# Visual Studio Version 17
VisualStudioVersion = 17.6.33829.357
MinimumVisualStudioVersion = 10.0.40219.1
Project("{FAE04EC0-301F-11D3-BF4B-00C04F79EFBC}") = "Blazor_Books", "Blazor_Books\Blazor_Books.csproj", "{DFCBE8A4-BCEE-453F-99C5-8822B7050B09}"
EndProject
Global
	GlobalSection(SolutionConfigurationPlatforms) = preSolution
		Debug|Any CPU = Debug|Any CPU
		Release|Any CPU = Release|Any CPU
	EndGlobalSection
	GlobalSection(ProjectConfigurationPlatforms) = postSolution
		{DFCBE8A4-BCEE-453F-99C5-8822B7050B09}.Debug|Any CPU.ActiveCfg = Debug|Any CPU
		{DFCBE8A4-BCEE-453F-99C5-8822B7050B09}.Debug|Any CPU.Build.0 = Debug|Any CPU
		{DFCBE8A4-BCEE-453F-99C5-8822B7050B09}.Release|Any CPU.ActiveCfg = Release|Any CPU
		{DFCBE8A4-BCEE-453F-99C5-8822B7050B09}.Release|Any CPU.Build.0 = Release|Any CPU
	EndGlobalSection
	GlobalSection(SolutionProperties) = preSolution
		HideSolutionNode = FALSE
	EndGlobalSection
	GlobalSection(ExtensibilityGlobals) = postSolution
		SolutionGuid = {2AB2849E-72B5-465D-815A-7CFCAC3D3B08}
	EndGlobalSection
EndGlobal
